
Microsoft Visual Studio Solution File, Format Version 11.00
# Visual Studio 2010
Project("{FAE04EC0-301F-11D3-BF4B-00C04F79EFBC}") = "sanguozhi", "Assembly-CSharp.csproj", "{8BC73865-8429-B1DE-AD5A-3023A02852D1}"
EndProject
Project("{FAE04EC0-301F-11D3-BF4B-00C04F79EFBC}") = "sanguozhi", "Assembly-CSharp-firstpass.csproj", "{A92B76D7-6603-A0F9-9FE7-8B2F1BF5A104}"
EndProject
Project("{FAE04EC0-301F-11D3-BF4B-00C04F79EFBC}") = "sanguozhi", "Assembly-CSharp-Editor-firstpass.csproj", "{3BDD0B26-035E-3329-4AD4-C97BC9BA3CD4}"
EndProject
Global
	GlobalSection(SolutionConfigurationPlatforms) = preSolution
		Debug|Any CPU = Debug|Any CPU
		Release|Any CPU = Release|Any CPU
	EndGlobalSection
	GlobalSection(ProjectConfigurationPlatforms) = postSolution
		{8BC73865-8429-B1DE-AD5A-3023A02852D1}.Debug|Any CPU.ActiveCfg = Debug|Any CPU
		{8BC73865-8429-B1DE-AD5A-3023A02852D1}.Debug|Any CPU.Build.0 = Debug|Any CPU
		{8BC73865-8429-B1DE-AD5A-3023A02852D1}.Release|Any CPU.ActiveCfg = Release|Any CPU
		{8BC73865-8429-B1DE-AD5A-3023A02852D1}.Release|Any CPU.Build.0 = Release|Any CPU
		{A92B76D7-6603-A0F9-9FE7-8B2F1BF5A104}.Debug|Any CPU.ActiveCfg = Debug|Any CPU
		{A92B76D7-6603-A0F9-9FE7-8B2F1BF5A104}.Debug|Any CPU.Build.0 = Debug|Any CPU
		{A92B76D7-6603-A0F9-9FE7-8B2F1BF5A104}.Release|Any CPU.ActiveCfg = Release|Any CPU
		{A92B76D7-6603-A0F9-9FE7-8B2F1BF5A104}.Release|Any CPU.Build.0 = Release|Any CPU
		{3BDD0B26-035E-3329-4AD4-C97BC9BA3CD4}.Debug|Any CPU.ActiveCfg = Debug|Any CPU
		{3BDD0B26-035E-3329-4AD4-C97BC9BA3CD4}.Debug|Any CPU.Build.0 = Debug|Any CPU
		{3BDD0B26-035E-3329-4AD4-C97BC9BA3CD4}.Release|Any CPU.ActiveCfg = Release|Any CPU
		{3BDD0B26-035E-3329-4AD4-C97BC9BA3CD4}.Release|Any CPU.Build.0 = Release|Any CPU
	EndGlobalSection
	GlobalSection(SolutionProperties) = preSolution
		HideSolutionNode = FALSE
	EndGlobalSection
	GlobalSection(MonoDevelopProperties) = preSolution
		StartupItem = Assembly-CSharp.csproj
	EndGlobalSection
EndGlobal
