
Microsoft Visual Studio Solution File, Format Version 11.00
# Visual Studio 2010
Project("{FAE04EC0-301F-11D3-BF4B-00C04F79EFBC}") = "Sanguozhi", "Assembly-CSharp.csproj", "{365DDB38-8A64-21BC-C2E3-07BA23AB39F9}"
EndProject
Project("{FAE04EC0-301F-11D3-BF4B-00C04F79EFBC}") = "Sanguozhi", "Assembly-CSharp-firstpass.csproj", "{C0DCEB47-4A4E-BA45-6A9F-1EBB6ADDAD44}"
EndProject
Project("{E53756B3-0A83-462D-D53D-0FB3EC2D61D3}") = "Sanguozhi", "Assembly-UnityScript.unityproj", "{9160C2F4-A7BF-244E-0E8E-E9415908E0CB}"
EndProject
Project("{E53756B3-0A83-462D-D53D-0FB3EC2D61D3}") = "Sanguozhi", "Assembly-Boo.booproj", "{256D0593-22A1-9C7B-9351-885A38939EDE}"
EndProject
Project("{FAE04EC0-301F-11D3-BF4B-00C04F79EFBC}") = "Sanguozhi", "Assembly-CSharp-Editor.csproj", "{C9806AFA-AD68-A471-291D-D8AD81D5FFAD}"
EndProject
Project("{FAE04EC0-301F-11D3-BF4B-00C04F79EFBC}") = "Sanguozhi", "Assembly-CSharp-Editor-firstpass.csproj", "{FAAEA6B0-AEB5-A306-8726-7D158AE5F957}"
EndProject
Global
	GlobalSection(SolutionConfigurationPlatforms) = preSolution
		Debug|Any CPU = Debug|Any CPU
		Release|Any CPU = Release|Any CPU
	EndGlobalSection
	GlobalSection(ProjectConfigurationPlatforms) = postSolution
		{365DDB38-8A64-21BC-C2E3-07BA23AB39F9}.Debug|Any CPU.ActiveCfg = Debug|Any CPU
		{365DDB38-8A64-21BC-C2E3-07BA23AB39F9}.Debug|Any CPU.Build.0 = Debug|Any CPU
		{365DDB38-8A64-21BC-C2E3-07BA23AB39F9}.Release|Any CPU.ActiveCfg = Release|Any CPU
		{365DDB38-8A64-21BC-C2E3-07BA23AB39F9}.Release|Any CPU.Build.0 = Release|Any CPU
		{C0DCEB47-4A4E-BA45-6A9F-1EBB6ADDAD44}.Debug|Any CPU.ActiveCfg = Debug|Any CPU
		{C0DCEB47-4A4E-BA45-6A9F-1EBB6ADDAD44}.Debug|Any CPU.Build.0 = Debug|Any CPU
		{C0DCEB47-4A4E-BA45-6A9F-1EBB6ADDAD44}.Release|Any CPU.ActiveCfg = Release|Any CPU
		{C0DCEB47-4A4E-BA45-6A9F-1EBB6ADDAD44}.Release|Any CPU.Build.0 = Release|Any CPU
		{9160C2F4-A7BF-244E-0E8E-E9415908E0CB}.Debug|Any CPU.ActiveCfg = Debug|Any CPU
		{9160C2F4-A7BF-244E-0E8E-E9415908E0CB}.Debug|Any CPU.Build.0 = Debug|Any CPU
		{9160C2F4-A7BF-244E-0E8E-E9415908E0CB}.Release|Any CPU.ActiveCfg = Release|Any CPU
		{9160C2F4-A7BF-244E-0E8E-E9415908E0CB}.Release|Any CPU.Build.0 = Release|Any CPU
		{256D0593-22A1-9C7B-9351-885A38939EDE}.Debug|Any CPU.ActiveCfg = Debug|Any CPU
		{256D0593-22A1-9C7B-9351-885A38939EDE}.Debug|Any CPU.Build.0 = Debug|Any CPU
		{256D0593-22A1-9C7B-9351-885A38939EDE}.Release|Any CPU.ActiveCfg = Release|Any CPU
		{256D0593-22A1-9C7B-9351-885A38939EDE}.Release|Any CPU.Build.0 = Release|Any CPU
		{C9806AFA-AD68-A471-291D-D8AD81D5FFAD}.Debug|Any CPU.ActiveCfg = Debug|Any CPU
		{C9806AFA-AD68-A471-291D-D8AD81D5FFAD}.Debug|Any CPU.Build.0 = Debug|Any CPU
		{C9806AFA-AD68-A471-291D-D8AD81D5FFAD}.Release|Any CPU.ActiveCfg = Release|Any CPU
		{C9806AFA-AD68-A471-291D-D8AD81D5FFAD}.Release|Any CPU.Build.0 = Release|Any CPU
		{FAAEA6B0-AEB5-A306-8726-7D158AE5F957}.Debug|Any CPU.ActiveCfg = Debug|Any CPU
		{FAAEA6B0-AEB5-A306-8726-7D158AE5F957}.Debug|Any CPU.Build.0 = Debug|Any CPU
		{FAAEA6B0-AEB5-A306-8726-7D158AE5F957}.Release|Any CPU.ActiveCfg = Release|Any CPU
		{FAAEA6B0-AEB5-A306-8726-7D158AE5F957}.Release|Any CPU.Build.0 = Release|Any CPU
	EndGlobalSection
	GlobalSection(SolutionProperties) = preSolution
		HideSolutionNode = FALSE
	EndGlobalSection
	GlobalSection(MonoDevelopProperties) = preSolution
		StartupItem = Assembly-CSharp.csproj
	EndGlobalSection
EndGlobal
